
Microsoft Visual Studio Solution File, Format Version 12.00
# Visual Studio Version 17
VisualStudioVersion = 17.4.33015.44
MinimumVisualStudioVersion = 10.0.40219.1
Project("{FAE04EC0-301F-11D3-BF4B-00C04F79EFBC}") = "SampleMySql", "SampleMySql\SampleMySql.csproj", "{FFB9D0DF-29E4-4FC8-884E-DB706BCA6244}"
EndProject
Project("{E53339B2-1760-4266-BCC7-CA923CBCF16C}") = "docker-compose", "docker-compose.dcproj", "{5E306164-6846-46E5-9AC3-D9A1968F1940}"
EndProject
Global
	GlobalSection(SolutionConfigurationPlatforms) = preSolution
		Debug|Any CPU = Debug|Any CPU
		Release|Any CPU = Release|Any CPU
	EndGlobalSection
	GlobalSection(ProjectConfigurationPlatforms) = postSolution
		{FFB9D0DF-29E4-4FC8-884E-DB706BCA6244}.Debug|Any CPU.ActiveCfg = Debug|Any CPU
		{FFB9D0DF-29E4-4FC8-884E-DB706BCA6244}.Debug|Any CPU.Build.0 = Debug|Any CPU
		{FFB9D0DF-29E4-4FC8-884E-DB706BCA6244}.Release|Any CPU.ActiveCfg = Release|Any CPU
		{FFB9D0DF-29E4-4FC8-884E-DB706BCA6244}.Release|Any CPU.Build.0 = Release|Any CPU
		{5E306164-6846-46E5-9AC3-D9A1968F1940}.Debug|Any CPU.ActiveCfg = Debug|Any CPU
		{5E306164-6846-46E5-9AC3-D9A1968F1940}.Debug|Any CPU.Build.0 = Debug|Any CPU
		{5E306164-6846-46E5-9AC3-D9A1968F1940}.Release|Any CPU.ActiveCfg = Release|Any CPU
		{5E306164-6846-46E5-9AC3-D9A1968F1940}.Release|Any CPU.Build.0 = Release|Any CPU
	EndGlobalSection
	GlobalSection(SolutionProperties) = preSolution
		HideSolutionNode = FALSE
	EndGlobalSection
	GlobalSection(ExtensibilityGlobals) = postSolution
		SolutionGuid = {7A4BBA4D-2603-4462-B6CC-159D3F045043}
	EndGlobalSection
EndGlobal
